
Microsoft Visual Studio Solution File, Format Version 12.00
# Visual Studio Version 17
VisualStudioVersion = 17.13.35931.197 d17.13
MinimumVisualStudioVersion = 10.0.40219.1
Project("{FAE04EC0-301F-11D3-BF4B-00C04F79EFBC}") = "Cantina", "Cantina.csproj", "{1B61488B-F8F1-415C-BEA1-FD5826741839}"
EndProject
Global
	GlobalSection(SolutionConfigurationPlatforms) = preSolution
		Debug|Any CPU = Debug|Any CPU
		Release|Any CPU = Release|Any CPU
	EndGlobalSection
	GlobalSection(ProjectConfigurationPlatforms) = postSolution
		{1B61488B-F8F1-415C-BEA1-FD5826741839}.Debug|Any CPU.ActiveCfg = Debug|Any CPU
		{1B61488B-F8F1-415C-BEA1-FD5826741839}.Debug|Any CPU.Build.0 = Debug|Any CPU
		{1B61488B-F8F1-415C-BEA1-FD5826741839}.Release|Any CPU.ActiveCfg = Release|Any CPU
		{1B61488B-F8F1-415C-BEA1-FD5826741839}.Release|Any CPU.Build.0 = Release|Any CPU
	EndGlobalSection
	GlobalSection(SolutionProperties) = preSolution
		HideSolutionNode = FALSE
	EndGlobalSection
	GlobalSection(ExtensibilityGlobals) = postSolution
		SolutionGuid = {B59AF789-BD4D-40DE-A6EC-4CF5BE283E03}
	EndGlobalSection
EndGlobal
